// !$*UTF8*$!
{
	archiveVersion = 1;
	classes = {
	};
	objectVersion = 56;
	objects = {

/* Begin PBXBuildFile section */
		1005978D2825742318456E4F /* Pods_HabitTracker.framework in Frameworks */ = {isa = PBXBuildFile; fileRef = 5772308C3DF1EC6CD3CEA16A /* Pods_HabitTracker.framework */; };
		8737764B29BE051FE95AED4A /* Pods_HabitTrackerTests.framework in Frameworks */ = {isa = PBXBuildFile; fileRef = 664CF6D8342F37139A606F09 /* Pods_HabitTrackerTests.framework */; };
		D1030056296F892300031902 /* Habits.swift in Sources */ = {isa = PBXBuildFile; fileRef = D1030055296F892300031902 /* Habits.swift */; };
		D1030058296F8CDD00031902 /* Today.swift in Sources */ = {isa = PBXBuildFile; fileRef = D1030057296F8CDD00031902 /* Today.swift */; };
		D1B811EF296D8C6000E0A609 /* HabitTrackerApp.swift in Sources */ = {isa = PBXBuildFile; fileRef = D1B811EE296D8C6000E0A609 /* HabitTrackerApp.swift */; };
		D1B811F1296D8C6000E0A609 /* ContentView.swift in Sources */ = {isa = PBXBuildFile; fileRef = D1B811F0296D8C6000E0A609 /* ContentView.swift */; };
		D1B811F3296D8C6400E0A609 /* Assets.xcassets in Resources */ = {isa = PBXBuildFile; fileRef = D1B811F2296D8C6400E0A609 /* Assets.xcassets */; };
		D1B811F6296D8C6400E0A609 /* Preview Assets.xcassets in Resources */ = {isa = PBXBuildFile; fileRef = D1B811F5296D8C6400E0A609 /* Preview Assets.xcassets */; };
		D1B811F8296D8C6400E0A609 /* Persistence.swift in Sources */ = {isa = PBXBuildFile; fileRef = D1B811F7296D8C6400E0A609 /* Persistence.swift */; };
		D1B811FB296D8C6400E0A609 /* HabitTracker.xcdatamodeld in Sources */ = {isa = PBXBuildFile; fileRef = D1B811F9296D8C6400E0A609 /* HabitTracker.xcdatamodeld */; };
		D1B81205296D8C6500E0A609 /* HabitTrackerTests.swift in Sources */ = {isa = PBXBuildFile; fileRef = D1B81204296D8C6500E0A609 /* HabitTrackerTests.swift */; };
		D1B8120F296D8C6500E0A609 /* HabitTrackerUITests.swift in Sources */ = {isa = PBXBuildFile; fileRef = D1B8120E296D8C6500E0A609 /* HabitTrackerUITests.swift */; };
		D1B81211296D8C6500E0A609 /* HabitTrackerUITestsLaunchTests.swift in Sources */ = {isa = PBXBuildFile; fileRef = D1B81210296D8C6500E0A609 /* HabitTrackerUITestsLaunchTests.swift */; };
		D1B81220296D8F8700E0A609 /* Home.swift in Sources */ = {isa = PBXBuildFile; fileRef = D1B8121F296D8F8700E0A609 /* Home.swift */; };
		D1B81222296D96DB00E0A609 /* HabitViewModel.swift in Sources */ = {isa = PBXBuildFile; fileRef = D1B81221296D96DB00E0A609 /* HabitViewModel.swift */; };
		D1B81224296D9BE100E0A609 /* AddNewHabit.swift in Sources */ = {isa = PBXBuildFile; fileRef = D1B81223296D9BE100E0A609 /* AddNewHabit.swift */; };
		D1DC966A29758787003713ED /* HomeViewModel.swift in Sources */ = {isa = PBXBuildFile; fileRef = D1DC966929758787003713ED /* HomeViewModel.swift */; };
		F30B848327DB4EF2598FE5CB /* Pods_HabitTracker_HabitTrackerUITests.framework in Frameworks */ = {isa = PBXBuildFile; fileRef = AAD105015C2AEC6EAA3D9E23 /* Pods_HabitTracker_HabitTrackerUITests.framework */; };
/* End PBXBuildFile section */

/* Begin PBXContainerItemProxy section */
		D1B81201296D8C6500E0A609 /* PBXContainerItemProxy */ = {
			isa = PBXContainerItemProxy;
			containerPortal = D1B811E3296D8C6000E0A609 /* Project object */;
			proxyType = 1;
			remoteGlobalIDString = D1B811EA296D8C6000E0A609;
			remoteInfo = HabitTracker;
		};
		D1B8120B296D8C6500E0A609 /* PBXContainerItemProxy */ = {
			isa = PBXContainerItemProxy;
			containerPortal = D1B811E3296D8C6000E0A609 /* Project object */;
			proxyType = 1;
			remoteGlobalIDString = D1B811EA296D8C6000E0A609;
			remoteInfo = HabitTracker;
		};
/* End PBXContainerItemProxy section */

/* Begin PBXFileReference section */
		5772308C3DF1EC6CD3CEA16A /* Pods_HabitTracker.framework */ = {isa = PBXFileReference; explicitFileType = wrapper.framework; includeInIndex = 0; path = Pods_HabitTracker.framework; sourceTree = BUILT_PRODUCTS_DIR; };
		664CF6D8342F37139A606F09 /* Pods_HabitTrackerTests.framework */ = {isa = PBXFileReference; explicitFileType = wrapper.framework; includeInIndex = 0; path = Pods_HabitTrackerTests.framework; sourceTree = BUILT_PRODUCTS_DIR; };
		877A9F757E3372511641B0B6 /* Pods-HabitTrackerTests.release.xcconfig */ = {isa = PBXFileReference; includeInIndex = 1; lastKnownFileType = text.xcconfig; name = "Pods-HabitTrackerTests.release.xcconfig"; path = "Target Support Files/Pods-HabitTrackerTests/Pods-HabitTrackerTests.release.xcconfig"; sourceTree = "<group>"; };
		99C2EBCA6C2F6B20CD26A8F4 /* Pods-HabitTrackerTests.debug.xcconfig */ = {isa = PBXFileReference; includeInIndex = 1; lastKnownFileType = text.xcconfig; name = "Pods-HabitTrackerTests.debug.xcconfig"; path = "Target Support Files/Pods-HabitTrackerTests/Pods-HabitTrackerTests.debug.xcconfig"; sourceTree = "<group>"; };
		A888D5D4B1D66C78E039887E /* Pods-HabitTracker-HabitTrackerUITests.release.xcconfig */ = {isa = PBXFileReference; includeInIndex = 1; lastKnownFileType = text.xcconfig; name = "Pods-HabitTracker-HabitTrackerUITests.release.xcconfig"; path = "Target Support Files/Pods-HabitTracker-HabitTrackerUITests/Pods-HabitTracker-HabitTrackerUITests.release.xcconfig"; sourceTree = "<group>"; };
		AAD105015C2AEC6EAA3D9E23 /* Pods_HabitTracker_HabitTrackerUITests.framework */ = {isa = PBXFileReference; explicitFileType = wrapper.framework; includeInIndex = 0; path = Pods_HabitTracker_HabitTrackerUITests.framework; sourceTree = BUILT_PRODUCTS_DIR; };
		CE1B8C18510F40B939865946 /* Pods-HabitTracker-HabitTrackerUITests.debug.xcconfig */ = {isa = PBXFileReference; includeInIndex = 1; lastKnownFileType = text.xcconfig; name = "Pods-HabitTracker-HabitTrackerUITests.debug.xcconfig"; path = "Target Support Files/Pods-HabitTracker-HabitTrackerUITests/Pods-HabitTracker-HabitTrackerUITests.debug.xcconfig"; sourceTree = "<group>"; };
		D1030055296F892300031902 /* Habits.swift */ = {isa = PBXFileReference; lastKnownFileType = sourcecode.swift; path = Habits.swift; sourceTree = "<group>"; };
		D1030057296F8CDD00031902 /* Today.swift */ = {isa = PBXFileReference; lastKnownFileType = sourcecode.swift; path = Today.swift; sourceTree = "<group>"; };
		D1B811EB296D8C6000E0A609 /* HabitTracker.app */ = {isa = PBXFileReference; explicitFileType = wrapper.application; includeInIndex = 0; path = HabitTracker.app; sourceTree = BUILT_PRODUCTS_DIR; };
		D1B811EE296D8C6000E0A609 /* HabitTrackerApp.swift */ = {isa = PBXFileReference; lastKnownFileType = sourcecode.swift; path = HabitTrackerApp.swift; sourceTree = "<group>"; };
		D1B811F0296D8C6000E0A609 /* ContentView.swift */ = {isa = PBXFileReference; lastKnownFileType = sourcecode.swift; path = ContentView.swift; sourceTree = "<group>"; };
		D1B811F2296D8C6400E0A609 /* Assets.xcassets */ = {isa = PBXFileReference; lastKnownFileType = folder.assetcatalog; path = Assets.xcassets; sourceTree = "<group>"; };
		D1B811F5296D8C6400E0A609 /* Preview Assets.xcassets */ = {isa = PBXFileReference; lastKnownFileType = folder.assetcatalog; path = "Preview Assets.xcassets"; sourceTree = "<group>"; };
		D1B811F7296D8C6400E0A609 /* Persistence.swift */ = {isa = PBXFileReference; lastKnownFileType = sourcecode.swift; path = Persistence.swift; sourceTree = "<group>"; };
		D1B811FA296D8C6400E0A609 /* HabitTracker.xcdatamodel */ = {isa = PBXFileReference; lastKnownFileType = wrapper.xcdatamodel; path = HabitTracker.xcdatamodel; sourceTree = "<group>"; };
		D1B81200296D8C6500E0A609 /* HabitTrackerTests.xctest */ = {isa = PBXFileReference; explicitFileType = wrapper.cfbundle; includeInIndex = 0; path = HabitTrackerTests.xctest; sourceTree = BUILT_PRODUCTS_DIR; };
		D1B81204296D8C6500E0A609 /* HabitTrackerTests.swift */ = {isa = PBXFileReference; lastKnownFileType = sourcecode.swift; path = HabitTrackerTests.swift; sourceTree = "<group>"; };
		D1B8120A296D8C6500E0A609 /* HabitTrackerUITests.xctest */ = {isa = PBXFileReference; explicitFileType = wrapper.cfbundle; includeInIndex = 0; path = HabitTrackerUITests.xctest; sourceTree = BUILT_PRODUCTS_DIR; };
		D1B8120E296D8C6500E0A609 /* HabitTrackerUITests.swift */ = {isa = PBXFileReference; lastKnownFileType = sourcecode.swift; path = HabitTrackerUITests.swift; sourceTree = "<group>"; };
		D1B81210296D8C6500E0A609 /* HabitTrackerUITestsLaunchTests.swift */ = {isa = PBXFileReference; lastKnownFileType = sourcecode.swift; path = HabitTrackerUITestsLaunchTests.swift; sourceTree = "<group>"; };
		D1B8121F296D8F8700E0A609 /* Home.swift */ = {isa = PBXFileReference; lastKnownFileType = sourcecode.swift; path = Home.swift; sourceTree = "<group>"; };
		D1B81221296D96DB00E0A609 /* HabitViewModel.swift */ = {isa = PBXFileReference; lastKnownFileType = sourcecode.swift; path = HabitViewModel.swift; sourceTree = "<group>"; };
		D1B81223296D9BE100E0A609 /* AddNewHabit.swift */ = {isa = PBXFileReference; lastKnownFileType = sourcecode.swift; path = AddNewHabit.swift; sourceTree = "<group>"; };
		D1DC966929758787003713ED /* HomeViewModel.swift */ = {isa = PBXFileReference; lastKnownFileType = sourcecode.swift; path = HomeViewModel.swift; sourceTree = "<group>"; };
		DA59B8A1D161FF3A3F71FADA /* Pods-HabitTracker.debug.xcconfig */ = {isa = PBXFileReference; includeInIndex = 1; lastKnownFileType = text.xcconfig; name = "Pods-HabitTracker.debug.xcconfig"; path = "Target Support Files/Pods-HabitTracker/Pods-HabitTracker.debug.xcconfig"; sourceTree = "<group>"; };
		DAE2E4BEC961B2468EB959D4 /* Pods-HabitTracker.release.xcconfig */ = {isa = PBXFileReference; includeInIndex = 1; lastKnownFileType = text.xcconfig; name = "Pods-HabitTracker.release.xcconfig"; path = "Target Support Files/Pods-HabitTracker/Pods-HabitTracker.release.xcconfig"; sourceTree = "<group>"; };
/* End PBXFileReference section */

/* Begin PBXFrameworksBuildPhase section */
		D1B811E8296D8C6000E0A609 /* Frameworks */ = {
			isa = PBXFrameworksBuildPhase;
			buildActionMask = 2147483647;
			files = (
				1005978D2825742318456E4F /* Pods_HabitTracker.framework in Frameworks */,
			);
			runOnlyForDeploymentPostprocessing = 0;
		};
		D1B811FD296D8C6500E0A609 /* Frameworks */ = {
			isa = PBXFrameworksBuildPhase;
			buildActionMask = 2147483647;
			files = (
				8737764B29BE051FE95AED4A /* Pods_HabitTrackerTests.framework in Frameworks */,
			);
			runOnlyForDeploymentPostprocessing = 0;
		};
		D1B81207296D8C6500E0A609 /* Frameworks */ = {
			isa = PBXFrameworksBuildPhase;
			buildActionMask = 2147483647;
			files = (
				F30B848327DB4EF2598FE5CB /* Pods_HabitTracker_HabitTrackerUITests.framework in Frameworks */,
			);
			runOnlyForDeploymentPostprocessing = 0;
		};
/* End PBXFrameworksBuildPhase section */

/* Begin PBXGroup section */
		306C40079294B08BFEF14D23 /* Pods */ = {
			isa = PBXGroup;
			children = (
				DA59B8A1D161FF3A3F71FADA /* Pods-HabitTracker.debug.xcconfig */,
				DAE2E4BEC961B2468EB959D4 /* Pods-HabitTracker.release.xcconfig */,
				CE1B8C18510F40B939865946 /* Pods-HabitTracker-HabitTrackerUITests.debug.xcconfig */,
				A888D5D4B1D66C78E039887E /* Pods-HabitTracker-HabitTrackerUITests.release.xcconfig */,
				99C2EBCA6C2F6B20CD26A8F4 /* Pods-HabitTrackerTests.debug.xcconfig */,
				877A9F757E3372511641B0B6 /* Pods-HabitTrackerTests.release.xcconfig */,
			);
			path = Pods;
			sourceTree = "<group>";
		};
		D1B811E2296D8C6000E0A609 = {
			isa = PBXGroup;
			children = (
				D1B811ED296D8C6000E0A609 /* HabitTracker */,
				D1B81203296D8C6500E0A609 /* HabitTrackerTests */,
				D1B8120D296D8C6500E0A609 /* HabitTrackerUITests */,
				D1B811EC296D8C6000E0A609 /* Products */,
				306C40079294B08BFEF14D23 /* Pods */,
				E3FAC3AD164C30ABC5AEA993 /* Frameworks */,
			);
			sourceTree = "<group>";
		};
		D1B811EC296D8C6000E0A609 /* Products */ = {
			isa = PBXGroup;
			children = (
				D1B811EB296D8C6000E0A609 /* HabitTracker.app */,
				D1B81200296D8C6500E0A609 /* HabitTrackerTests.xctest */,
				D1B8120A296D8C6500E0A609 /* HabitTrackerUITests.xctest */,
			);
			name = Products;
			sourceTree = "<group>";
		};
		D1B811ED296D8C6000E0A609 /* HabitTracker */ = {
			isa = PBXGroup;
			children = (
				D1B8121E296D8F3E00E0A609 /* ViewModel */,
				D1B8121D296D8F3100E0A609 /* View */,
				D1B811EE296D8C6000E0A609 /* HabitTrackerApp.swift */,
				D1B811F0296D8C6000E0A609 /* ContentView.swift */,
				D1B811F2296D8C6400E0A609 /* Assets.xcassets */,
				D1B811F7296D8C6400E0A609 /* Persistence.swift */,
				D1B811F9296D8C6400E0A609 /* HabitTracker.xcdatamodeld */,
				D1B811F4296D8C6400E0A609 /* Preview Content */,
			);
			path = HabitTracker;
			sourceTree = "<group>";
		};
		D1B811F4296D8C6400E0A609 /* Preview Content */ = {
			isa = PBXGroup;
			children = (
				D1B811F5296D8C6400E0A609 /* Preview Assets.xcassets */,
			);
			path = "Preview Content";
			sourceTree = "<group>";
		};
		D1B81203296D8C6500E0A609 /* HabitTrackerTests */ = {
			isa = PBXGroup;
			children = (
				D1B81204296D8C6500E0A609 /* HabitTrackerTests.swift */,
			);
			path = HabitTrackerTests;
			sourceTree = "<group>";
		};
		D1B8120D296D8C6500E0A609 /* HabitTrackerUITests */ = {
			isa = PBXGroup;
			children = (
				D1B8120E296D8C6500E0A609 /* HabitTrackerUITests.swift */,
				D1B81210296D8C6500E0A609 /* HabitTrackerUITestsLaunchTests.swift */,
			);
			path = HabitTrackerUITests;
			sourceTree = "<group>";
		};
		D1B8121D296D8F3100E0A609 /* View */ = {
			isa = PBXGroup;
			children = (
				D1B8121F296D8F8700E0A609 /* Home.swift */,
				D1B81223296D9BE100E0A609 /* AddNewHabit.swift */,
				D1030055296F892300031902 /* Habits.swift */,
				D1030057296F8CDD00031902 /* Today.swift */,
			);
			path = View;
			sourceTree = "<group>";
		};
		D1B8121E296D8F3E00E0A609 /* ViewModel */ = {
			isa = PBXGroup;
			children = (
				D1B81221296D96DB00E0A609 /* HabitViewModel.swift */,
				D1DC966929758787003713ED /* HomeViewModel.swift */,
			);
			path = ViewModel;
			sourceTree = "<group>";
		};
		E3FAC3AD164C30ABC5AEA993 /* Frameworks */ = {
			isa = PBXGroup;
			children = (
				5772308C3DF1EC6CD3CEA16A /* Pods_HabitTracker.framework */,
				AAD105015C2AEC6EAA3D9E23 /* Pods_HabitTracker_HabitTrackerUITests.framework */,
				664CF6D8342F37139A606F09 /* Pods_HabitTrackerTests.framework */,
			);
			name = Frameworks;
			sourceTree = "<group>";
		};
/* End PBXGroup section */

/* Begin PBXNativeTarget section */
		D1B811EA296D8C6000E0A609 /* HabitTracker */ = {
			isa = PBXNativeTarget;
			buildConfigurationList = D1B81214296D8C6500E0A609 /* Build configuration list for PBXNativeTarget "HabitTracker" */;
			buildPhases = (
				AE0407E2FF7CF140A9351CEF /* [CP] Check Pods Manifest.lock */,
				D1B811E7296D8C6000E0A609 /* Sources */,
				D1B811E8296D8C6000E0A609 /* Frameworks */,
				D1B811E9296D8C6000E0A609 /* Resources */,
				183CF71232169A607C43A6BF /* [CP] Embed Pods Frameworks */,
			);
			buildRules = (
			);
			dependencies = (
			);
			name = HabitTracker;
			productName = HabitTracker;
			productReference = D1B811EB296D8C6000E0A609 /* HabitTracker.app */;
			productType = "com.apple.product-type.application";
		};
		D1B811FF296D8C6500E0A609 /* HabitTrackerTests */ = {
			isa = PBXNativeTarget;
			buildConfigurationList = D1B81217296D8C6500E0A609 /* Build configuration list for PBXNativeTarget "HabitTrackerTests" */;
			buildPhases = (
				FF06A7CC8F662FABA0DCA40B /* [CP] Check Pods Manifest.lock */,
				D1B811FC296D8C6500E0A609 /* Sources */,
				D1B811FD296D8C6500E0A609 /* Frameworks */,
				D1B811FE296D8C6500E0A609 /* Resources */,
			);
			buildRules = (
			);
			dependencies = (
				D1B81202296D8C6500E0A609 /* PBXTargetDependency */,
			);
			name = HabitTrackerTests;
			productName = HabitTrackerTests;
			productReference = D1B81200296D8C6500E0A609 /* HabitTrackerTests.xctest */;
			productType = "com.apple.product-type.bundle.unit-test";
		};
		D1B81209296D8C6500E0A609 /* HabitTrackerUITests */ = {
			isa = PBXNativeTarget;
			buildConfigurationList = D1B8121A296D8C6500E0A609 /* Build configuration list for PBXNativeTarget "HabitTrackerUITests" */;
			buildPhases = (
				2B517978A95007E4DB7BB839 /* [CP] Check Pods Manifest.lock */,
				D1B81206296D8C6500E0A609 /* Sources */,
				D1B81207296D8C6500E0A609 /* Frameworks */,
				D1B81208296D8C6500E0A609 /* Resources */,
				D5D0494DB8CB60725394065B /* [CP] Embed Pods Frameworks */,
			);
			buildRules = (
			);
			dependencies = (
				D1B8120C296D8C6500E0A609 /* PBXTargetDependency */,
			);
			name = HabitTrackerUITests;
			productName = HabitTrackerUITests;
			productReference = D1B8120A296D8C6500E0A609 /* HabitTrackerUITests.xctest */;
			productType = "com.apple.product-type.bundle.ui-testing";
		};
/* End PBXNativeTarget section */

/* Begin PBXProject section */
		D1B811E3296D8C6000E0A609 /* Project object */ = {
			isa = PBXProject;
			attributes = {
				BuildIndependentTargetsInParallel = 1;
				LastSwiftUpdateCheck = 1410;
				LastUpgradeCheck = 1410;
				TargetAttributes = {
					D1B811EA296D8C6000E0A609 = {
						CreatedOnToolsVersion = 14.1;
					};
					D1B811FF296D8C6500E0A609 = {
						CreatedOnToolsVersion = 14.1;
						TestTargetID = D1B811EA296D8C6000E0A609;
					};
					D1B81209296D8C6500E0A609 = {
						CreatedOnToolsVersion = 14.1;
						TestTargetID = D1B811EA296D8C6000E0A609;
					};
				};
			};
			buildConfigurationList = D1B811E6296D8C6000E0A609 /* Build configuration list for PBXProject "HabitTracker" */;
			compatibilityVersion = "Xcode 14.0";
			developmentRegion = en;
			hasScannedForEncodings = 0;
			knownRegions = (
				en,
				Base,
			);
			mainGroup = D1B811E2296D8C6000E0A609;
			productRefGroup = D1B811EC296D8C6000E0A609 /* Products */;
			projectDirPath = "";
			projectRoot = "";
			targets = (
				D1B811EA296D8C6000E0A609 /* HabitTracker */,
				D1B811FF296D8C6500E0A609 /* HabitTrackerTests */,
				D1B81209296D8C6500E0A609 /* HabitTrackerUITests */,
			);
		};
/* End PBXProject section */

/* Begin PBXResourcesBuildPhase section */
		D1B811E9296D8C6000E0A609 /* Resources */ = {
			isa = PBXResourcesBuildPhase;
			buildActionMask = 2147483647;
			files = (
				D1B811F6296D8C6400E0A609 /* Preview Assets.xcassets in Resources */,
				D1B811F3296D8C6400E0A609 /* Assets.xcassets in Resources */,
			);
			runOnlyForDeploymentPostprocessing = 0;
		};
		D1B811FE296D8C6500E0A609 /* Resources */ = {
			isa = PBXResourcesBuildPhase;
			buildActionMask = 2147483647;
			files = (
			);
			runOnlyForDeploymentPostprocessing = 0;
		};
		D1B81208296D8C6500E0A609 /* Resources */ = {
			isa = PBXResourcesBuildPhase;
			buildActionMask = 2147483647;
			files = (
			);
			runOnlyForDeploymentPostprocessing = 0;
		};
/* End PBXResourcesBuildPhase section */

/* Begin PBXShellScriptBuildPhase section */
		183CF71232169A607C43A6BF /* [CP] Embed Pods Frameworks */ = {
			isa = PBXShellScriptBuildPhase;
			buildActionMask = 2147483647;
			files = (
			);
			inputFileListPaths = (
				"${PODS_ROOT}/Target Support Files/Pods-HabitTracker/Pods-HabitTracker-frameworks-${CONFIGURATION}-input-files.xcfilelist",
			);
			name = "[CP] Embed Pods Frameworks";
			outputFileListPaths = (
				"${PODS_ROOT}/Target Support Files/Pods-HabitTracker/Pods-HabitTracker-frameworks-${CONFIGURATION}-output-files.xcfilelist",
			);
			runOnlyForDeploymentPostprocessing = 0;
			shellPath = /bin/sh;
			shellScript = "\"${PODS_ROOT}/Target Support Files/Pods-HabitTracker/Pods-HabitTracker-frameworks.sh\"\n";
			showEnvVarsInLog = 0;
		};
		2B517978A95007E4DB7BB839 /* [CP] Check Pods Manifest.lock */ = {
			isa = PBXShellScriptBuildPhase;
			buildActionMask = 2147483647;
			files = (
			);
			inputFileListPaths = (
			);
			inputPaths = (
				"${PODS_PODFILE_DIR_PATH}/Podfile.lock",
				"${PODS_ROOT}/Manifest.lock",
			);
			name = "[CP] Check Pods Manifest.lock";
			outputFileListPaths = (
			);
			outputPaths = (
				"$(DERIVED_FILE_DIR)/Pods-HabitTracker-HabitTrackerUITests-checkManifestLockResult.txt",
			);
			runOnlyForDeploymentPostprocessing = 0;
			shellPath = /bin/sh;
			shellScript = "diff \"${PODS_PODFILE_DIR_PATH}/Podfile.lock\" \"${PODS_ROOT}/Manifest.lock\" > /dev/null\nif [ $? != 0 ] ; then\n    # print error to STDERR\n    echo \"error: The sandbox is not in sync with the Podfile.lock. Run 'pod install' or update your CocoaPods installation.\" >&2\n    exit 1\nfi\n# This output is used by Xcode 'outputs' to avoid re-running this script phase.\necho \"SUCCESS\" > \"${SCRIPT_OUTPUT_FILE_0}\"\n";
			showEnvVarsInLog = 0;
		};
		AE0407E2FF7CF140A9351CEF /* [CP] Check Pods Manifest.lock */ = {
			isa = PBXShellScriptBuildPhase;
			buildActionMask = 2147483647;
			files = (
			);
			inputFileListPaths = (
			);
			inputPaths = (
				"${PODS_PODFILE_DIR_PATH}/Podfile.lock",
				"${PODS_ROOT}/Manifest.lock",
			);
			name = "[CP] Check Pods Manifest.lock";
			outputFileListPaths = (
			);
			outputPaths = (
				"$(DERIVED_FILE_DIR)/Pods-HabitTracker-checkManifestLockResult.txt",
			);
			runOnlyForDeploymentPostprocessing = 0;
			shellPath = /bin/sh;
			shellScript = "diff \"${PODS_PODFILE_DIR_PATH}/Podfile.lock\" \"${PODS_ROOT}/Manifest.lock\" > /dev/null\nif [ $? != 0 ] ; then\n    # print error to STDERR\n    echo \"error: The sandbox is not in sync with the Podfile.lock. Run 'pod install' or update your CocoaPods installation.\" >&2\n    exit 1\nfi\n# This output is used by Xcode 'outputs' to avoid re-running this script phase.\necho \"SUCCESS\" > \"${SCRIPT_OUTPUT_FILE_0}\"\n";
			showEnvVarsInLog = 0;
		};
		D5D0494DB8CB60725394065B /* [CP] Embed Pods Frameworks */ = {
			isa = PBXShellScriptBuildPhase;
			buildActionMask = 2147483647;
			files = (
			);
			inputFileListPaths = (
				"${PODS_ROOT}/Target Support Files/Pods-HabitTracker-HabitTrackerUITests/Pods-HabitTracker-HabitTrackerUITests-frameworks-${CONFIGURATION}-input-files.xcfilelist",
			);
			name = "[CP] Embed Pods Frameworks";
			outputFileListPaths = (
				"${PODS_ROOT}/Target Support Files/Pods-HabitTracker-HabitTrackerUITests/Pods-HabitTracker-HabitTrackerUITests-frameworks-${CONFIGURATION}-output-files.xcfilelist",
			);
			runOnlyForDeploymentPostprocessing = 0;
			shellPath = /bin/sh;
			shellScript = "\"${PODS_ROOT}/Target Support Files/Pods-HabitTracker-HabitTrackerUITests/Pods-HabitTracker-HabitTrackerUITests-frameworks.sh\"\n";
			showEnvVarsInLog = 0;
		};
		FF06A7CC8F662FABA0DCA40B /* [CP] Check Pods Manifest.lock */ = {
			isa = PBXShellScriptBuildPhase;
			buildActionMask = 2147483647;
			files = (
			);
			inputFileListPaths = (
			);
			inputPaths = (
				"${PODS_PODFILE_DIR_PATH}/Podfile.lock",
				"${PODS_ROOT}/Manifest.lock",
			);
			name = "[CP] Check Pods Manifest.lock";
			outputFileListPaths = (
			);
			outputPaths = (
				"$(DERIVED_FILE_DIR)/Pods-HabitTrackerTests-checkManifestLockResult.txt",
			);
			runOnlyForDeploymentPostprocessing = 0;
			shellPath = /bin/sh;
			shellScript = "diff \"${PODS_PODFILE_DIR_PATH}/Podfile.lock\" \"${PODS_ROOT}/Manifest.lock\" > /dev/null\nif [ $? != 0 ] ; then\n    # print error to STDERR\n    echo \"error: The sandbox is not in sync with the Podfile.lock. Run 'pod install' or update your CocoaPods installation.\" >&2\n    exit 1\nfi\n# This output is used by Xcode 'outputs' to avoid re-running this script phase.\necho \"SUCCESS\" > \"${SCRIPT_OUTPUT_FILE_0}\"\n";
			showEnvVarsInLog = 0;
		};
/* End PBXShellScriptBuildPhase section */

/* Begin PBXSourcesBuildPhase section */
		D1B811E7296D8C6000E0A609 /* Sources */ = {
			isa = PBXSourcesBuildPhase;
			buildActionMask = 2147483647;
			files = (
				D1B811F8296D8C6400E0A609 /* Persistence.swift in Sources */,
				D1B811FB296D8C6400E0A609 /* HabitTracker.xcdatamodeld in Sources */,
				D1030056296F892300031902 /* Habits.swift in Sources */,
				D1DC966A29758787003713ED /* HomeViewModel.swift in Sources */,
				D1B81220296D8F8700E0A609 /* Home.swift in Sources */,
				D1030058296F8CDD00031902 /* Today.swift in Sources */,
				D1B81224296D9BE100E0A609 /* AddNewHabit.swift in Sources */,
				D1B81222296D96DB00E0A609 /* HabitViewModel.swift in Sources */,
				D1B811F1296D8C6000E0A609 /* ContentView.swift in Sources */,
				D1B811EF296D8C6000E0A609 /* HabitTrackerApp.swift in Sources */,
			);
			runOnlyForDeploymentPostprocessing = 0;
		};
		D1B811FC296D8C6500E0A609 /* Sources */ = {
			isa = PBXSourcesBuildPhase;
			buildActionMask = 2147483647;
			files = (
				D1B81205296D8C6500E0A609 /* HabitTrackerTests.swift in Sources */,
			);
			runOnlyForDeploymentPostprocessing = 0;
		};
		D1B81206296D8C6500E0A609 /* Sources */ = {
			isa = PBXSourcesBuildPhase;
			buildActionMask = 2147483647;
			files = (
				D1B81211296D8C6500E0A609 /* HabitTrackerUITestsLaunchTests.swift in Sources */,
				D1B8120F296D8C6500E0A609 /* HabitTrackerUITests.swift in Sources */,
			);
			runOnlyForDeploymentPostprocessing = 0;
		};
/* End PBXSourcesBuildPhase section */

/* Begin PBXTargetDependency section */
		D1B81202296D8C6500E0A609 /* PBXTargetDependency */ = {
			isa = PBXTargetDependency;
			target = D1B811EA296D8C6000E0A609 /* HabitTracker */;
			targetProxy = D1B81201296D8C6500E0A609 /* PBXContainerItemProxy */;
		};
		D1B8120C296D8C6500E0A609 /* PBXTargetDependency */ = {
			isa = PBXTargetDependency;
			target = D1B811EA296D8C6000E0A609 /* HabitTracker */;
			targetProxy = D1B8120B296D8C6500E0A609 /* PBXContainerItemProxy */;
		};
/* End PBXTargetDependency section */

/* Begin XCBuildConfiguration section */
		D1B81212296D8C6500E0A609 /* Debug */ = {
			isa = XCBuildConfiguration;
			buildSettings = {
				ALWAYS_SEARCH_USER_PATHS = NO;
				CLANG_ANALYZER_NONNULL = YES;
				CLANG_ANALYZER_NUMBER_OBJECT_CONVERSION = YES_AGGRESSIVE;
				CLANG_CXX_LANGUAGE_STANDARD = "gnu++20";
				CLANG_ENABLE_MODULES = YES;
				CLANG_ENABLE_OBJC_ARC = YES;
				CLANG_ENABLE_OBJC_WEAK = YES;
				CLANG_WARN_BLOCK_CAPTURE_AUTORELEASING = YES;
				CLANG_WARN_BOOL_CONVERSION = YES;
				CLANG_WARN_COMMA = YES;
				CLANG_WARN_CONSTANT_CONVERSION = YES;
				CLANG_WARN_DEPRECATED_OBJC_IMPLEMENTATIONS = YES;
				CLANG_WARN_DIRECT_OBJC_ISA_USAGE = YES_ERROR;
				CLANG_WARN_DOCUMENTATION_COMMENTS = YES;
				CLANG_WARN_EMPTY_BODY = YES;
				CLANG_WARN_ENUM_CONVERSION = YES;
				CLANG_WARN_INFINITE_RECURSION = YES;
				CLANG_WARN_INT_CONVERSION = YES;
				CLANG_WARN_NON_LITERAL_NULL_CONVERSION = YES;
				CLANG_WARN_OBJC_IMPLICIT_RETAIN_SELF = YES;
				CLANG_WARN_OBJC_LITERAL_CONVERSION = YES;
				CLANG_WARN_OBJC_ROOT_CLASS = YES_ERROR;
				CLANG_WARN_QUOTED_INCLUDE_IN_FRAMEWORK_HEADER = YES;
				CLANG_WARN_RANGE_LOOP_ANALYSIS = YES;
				CLANG_WARN_STRICT_PROTOTYPES = YES;
				CLANG_WARN_SUSPICIOUS_MOVE = YES;
				CLANG_WARN_UNGUARDED_AVAILABILITY = YES_AGGRESSIVE;
				CLANG_WARN_UNREACHABLE_CODE = YES;
				CLANG_WARN__DUPLICATE_METHOD_MATCH = YES;
				COPY_PHASE_STRIP = NO;
				DEBUG_INFORMATION_FORMAT = dwarf;
				ENABLE_STRICT_OBJC_MSGSEND = YES;
				ENABLE_TESTABILITY = YES;
				GCC_C_LANGUAGE_STANDARD = gnu11;
				GCC_DYNAMIC_NO_PIC = NO;
				GCC_NO_COMMON_BLOCKS = YES;
				GCC_OPTIMIZATION_LEVEL = 0;
				GCC_PREPROCESSOR_DEFINITIONS = (
					"DEBUG=1",
					"$(inherited)",
				);
				GCC_WARN_64_TO_32_BIT_CONVERSION = YES;
				GCC_WARN_ABOUT_RETURN_TYPE = YES_ERROR;
				GCC_WARN_UNDECLARED_SELECTOR = YES;
				GCC_WARN_UNINITIALIZED_AUTOS = YES_AGGRESSIVE;
				GCC_WARN_UNUSED_FUNCTION = YES;
				GCC_WARN_UNUSED_VARIABLE = YES;
				IPHONEOS_DEPLOYMENT_TARGET = 16.1;
				MTL_ENABLE_DEBUG_INFO = INCLUDE_SOURCE;
				MTL_FAST_MATH = YES;
				ONLY_ACTIVE_ARCH = YES;
				SDKROOT = iphoneos;
				SWIFT_ACTIVE_COMPILATION_CONDITIONS = DEBUG;
				SWIFT_OPTIMIZATION_LEVEL = "-Onone";
			};
			name = Debug;
		};
		D1B81213296D8C6500E0A609 /* Release */ = {
			isa = XCBuildConfiguration;
			buildSettings = {
				ALWAYS_SEARCH_USER_PATHS = NO;
				CLANG_ANALYZER_NONNULL = YES;
				CLANG_ANALYZER_NUMBER_OBJECT_CONVERSION = YES_AGGRESSIVE;
				CLANG_CXX_LANGUAGE_STANDARD = "gnu++20";
				CLANG_ENABLE_MODULES = YES;
				CLANG_ENABLE_OBJC_ARC = YES;
				CLANG_ENABLE_OBJC_WEAK = YES;
				CLANG_WARN_BLOCK_CAPTURE_AUTORELEASING = YES;
				CLANG_WARN_BOOL_CONVERSION = YES;
				CLANG_WARN_COMMA = YES;
				CLANG_WARN_CONSTANT_CONVERSION = YES;
				CLANG_WARN_DEPRECATED_OBJC_IMPLEMENTATIONS = YES;
				CLANG_WARN_DIRECT_OBJC_ISA_USAGE = YES_ERROR;
				CLANG_WARN_DOCUMENTATION_COMMENTS = YES;
				CLANG_WARN_EMPTY_BODY = YES;
				CLANG_WARN_ENUM_CONVERSION = YES;
				CLANG_WARN_INFINITE_RECURSION = YES;
				CLANG_WARN_INT_CONVERSION = YES;
				CLANG_WARN_NON_LITERAL_NULL_CONVERSION = YES;
				CLANG_WARN_OBJC_IMPLICIT_RETAIN_SELF = YES;
				CLANG_WARN_OBJC_LITERAL_CONVERSION = YES;
				CLANG_WARN_OBJC_ROOT_CLASS = YES_ERROR;
				CLANG_WARN_QUOTED_INCLUDE_IN_FRAMEWORK_HEADER = YES;
				CLANG_WARN_RANGE_LOOP_ANALYSIS = YES;
				CLANG_WARN_STRICT_PROTOTYPES = YES;
				CLANG_WARN_SUSPICIOUS_MOVE = YES;
				CLANG_WARN_UNGUARDED_AVAILABILITY = YES_AGGRESSIVE;
				CLANG_WARN_UNREACHABLE_CODE = YES;
				CLANG_WARN__DUPLICATE_METHOD_MATCH = YES;
				COPY_PHASE_STRIP = NO;
				DEBUG_INFORMATION_FORMAT = "dwarf-with-dsym";
				ENABLE_NS_ASSERTIONS = NO;
				ENABLE_STRICT_OBJC_MSGSEND = YES;
				GCC_C_LANGUAGE_STANDARD = gnu11;
				GCC_NO_COMMON_BLOCKS = YES;
				GCC_WARN_64_TO_32_BIT_CONVERSION = YES;
				GCC_WARN_ABOUT_RETURN_TYPE = YES_ERROR;
				GCC_WARN_UNDECLARED_SELECTOR = YES;
				GCC_WARN_UNINITIALIZED_AUTOS = YES_AGGRESSIVE;
				GCC_WARN_UNUSED_FUNCTION = YES;
				GCC_WARN_UNUSED_VARIABLE = YES;
				IPHONEOS_DEPLOYMENT_TARGET = 16.1;
				MTL_ENABLE_DEBUG_INFO = NO;
				MTL_FAST_MATH = YES;
				SDKROOT = iphoneos;
				SWIFT_COMPILATION_MODE = wholemodule;
				SWIFT_OPTIMIZATION_LEVEL = "-O";
				VALIDATE_PRODUCT = YES;
			};
			name = Release;
		};
		D1B81215296D8C6500E0A609 /* Debug */ = {
			isa = XCBuildConfiguration;
			baseConfigurationReference = DA59B8A1D161FF3A3F71FADA /* Pods-HabitTracker.debug.xcconfig */;
			buildSettings = {
				ASSETCATALOG_COMPILER_APPICON_NAME = AppIcon;
				ASSETCATALOG_COMPILER_GLOBAL_ACCENT_COLOR_NAME = AccentColor;
				CODE_SIGN_STYLE = Automatic;
				CURRENT_PROJECT_VERSION = 1;
				DEVELOPMENT_ASSET_PATHS = "\"HabitTracker/Preview Content\"";
				ENABLE_PREVIEWS = YES;
				GENERATE_INFOPLIST_FILE = YES;
				INFOPLIST_KEY_UIApplicationSceneManifest_Generation = YES;
				INFOPLIST_KEY_UIApplicationSupportsIndirectInputEvents = YES;
				INFOPLIST_KEY_UILaunchScreen_Generation = YES;
				INFOPLIST_KEY_UISupportedInterfaceOrientations_iPad = "UIInterfaceOrientationPortrait UIInterfaceOrientationPortraitUpsideDown UIInterfaceOrientationLandscapeLeft UIInterfaceOrientationLandscapeRight";
				INFOPLIST_KEY_UISupportedInterfaceOrientations_iPhone = "UIInterfaceOrientationPortrait UIInterfaceOrientationLandscapeLeft UIInterfaceOrientationLandscapeRight";
				LD_RUNPATH_SEARCH_PATHS = (
					"$(inherited)",
					"@executable_path/Frameworks",
				);
				MARKETING_VERSION = 1.0;
				PRODUCT_BUNDLE_IDENTIFIER = com.szczepanek.HabitTracker;
				PRODUCT_NAME = "$(TARGET_NAME)";
				SWIFT_EMIT_LOC_STRINGS = YES;
				SWIFT_VERSION = 5.0;
				TARGETED_DEVICE_FAMILY = "1,2";
			};
			name = Debug;
		};
		D1B81216296D8C6500E0A609 /* Release */ = {
			isa = XCBuildConfiguration;
			baseConfigurationReference = DAE2E4BEC961B2468EB959D4 /* Pods-HabitTracker.release.xcconfig */;
			buildSettings = {
				ASSETCATALOG_COMPILER_APPICON_NAME = AppIcon;
				ASSETCATALOG_COMPILER_GLOBAL_ACCENT_COLOR_NAME = AccentColor;
				CODE_SIGN_STYLE = Automatic;
				CURRENT_PROJECT_VERSION = 1;
				DEVELOPMENT_ASSET_PATHS = "\"HabitTracker/Preview Content\"";
				ENABLE_PREVIEWS = YES;
				GENERATE_INFOPLIST_FILE = YES;
				INFOPLIST_KEY_UIApplicationSceneManifest_Generation = YES;
				INFOPLIST_KEY_UIApplicationSupportsIndirectInputEvents = YES;
				INFOPLIST_KEY_UILaunchScreen_Generation = YES;
				INFOPLIST_KEY_UISupportedInterfaceOrientations_iPad = "UIInterfaceOrientationPortrait UIInterfaceOrientationPortraitUpsideDown UIInterfaceOrientationLandscapeLeft UIInterfaceOrientationLandscapeRight";
				INFOPLIST_KEY_UISupportedInterfaceOrientations_iPhone = "UIInterfaceOrientationPortrait UIInterfaceOrientationLandscapeLeft UIInterfaceOrientationLandscapeRight";
				LD_RUNPATH_SEARCH_PATHS = (
					"$(inherited)",
					"@executable_path/Frameworks",
				);
				MARKETING_VERSION = 1.0;
				PRODUCT_BUNDLE_IDENTIFIER = com.szczepanek.HabitTracker;
				PRODUCT_NAME = "$(TARGET_NAME)";
				SWIFT_EMIT_LOC_STRINGS = YES;
				SWIFT_VERSION = 5.0;
				TARGETED_DEVICE_FAMILY = "1,2";
			};
			name = Release;
		};
		D1B81218296D8C6500E0A609 /* Debug */ = {
			isa = XCBuildConfiguration;
			baseConfigurationReference = 99C2EBCA6C2F6B20CD26A8F4 /* Pods-HabitTrackerTests.debug.xcconfig */;
			buildSettings = {
				ALWAYS_EMBED_SWIFT_STANDARD_LIBRARIES = YES;
				BUNDLE_LOADER = "$(TEST_HOST)";
				CODE_SIGN_STYLE = Automatic;
				CURRENT_PROJECT_VERSION = 1;
				GENERATE_INFOPLIST_FILE = YES;
				IPHONEOS_DEPLOYMENT_TARGET = 16.1;
				MARKETING_VERSION = 1.0;
				PRODUCT_BUNDLE_IDENTIFIER = com.szczepanek.HabitTrackerTests;
				PRODUCT_NAME = "$(TARGET_NAME)";
				SWIFT_EMIT_LOC_STRINGS = NO;
				SWIFT_VERSION = 5.0;
				TARGETED_DEVICE_FAMILY = "1,2";
				TEST_HOST = "$(BUILT_PRODUCTS_DIR)/HabitTracker.app/$(BUNDLE_EXECUTABLE_FOLDER_PATH)/HabitTracker";
			};
			name = Debug;
		};
		D1B81219296D8C6500E0A609 /* Release */ = {
			isa = XCBuildConfiguration;
			baseConfigurationReference = 877A9F757E3372511641B0B6 /* Pods-HabitTrackerTests.release.xcconfig */;
			buildSettings = {
				ALWAYS_EMBED_SWIFT_STANDARD_LIBRARIES = YES;
				BUNDLE_LOADER = "$(TEST_HOST)";
				CODE_SIGN_STYLE = Automatic;
				CURRENT_PROJECT_VERSION = 1;
				GENERATE_INFOPLIST_FILE = YES;
				IPHONEOS_DEPLOYMENT_TARGET = 16.1;
				MARKETING_VERSION = 1.0;
				PRODUCT_BUNDLE_IDENTIFIER = com.szczepanek.HabitTrackerTests;
				PRODUCT_NAME = "$(TARGET_NAME)";
				SWIFT_EMIT_LOC_STRINGS = NO;
				SWIFT_VERSION = 5.0;
				TARGETED_DEVICE_FAMILY = "1,2";
				TEST_HOST = "$(BUILT_PRODUCTS_DIR)/HabitTracker.app/$(BUNDLE_EXECUTABLE_FOLDER_PATH)/HabitTracker";
			};
			name = Release;
		};
		D1B8121B296D8C6500E0A609 /* Debug */ = {
			isa = XCBuildConfiguration;
			baseConfigurationReference = CE1B8C18510F40B939865946 /* Pods-HabitTracker-HabitTrackerUITests.debug.xcconfig */;
			buildSettings = {
				ALWAYS_EMBED_SWIFT_STANDARD_LIBRARIES = YES;
				CODE_SIGN_STYLE = Automatic;
				CURRENT_PROJECT_VERSION = 1;
				GENERATE_INFOPLIST_FILE = YES;
				MARKETING_VERSION = 1.0;
				PRODUCT_BUNDLE_IDENTIFIER = com.szczepanek.HabitTrackerUITests;
				PRODUCT_NAME = "$(TARGET_NAME)";
				SWIFT_EMIT_LOC_STRINGS = NO;
				SWIFT_VERSION = 5.0;
				TARGETED_DEVICE_FAMILY = "1,2";
				TEST_TARGET_NAME = HabitTracker;
			};
			name = Debug;
		};
		D1B8121C296D8C6500E0A609 /* Release */ = {
			isa = XCBuildConfiguration;
			baseConfigurationReference = A888D5D4B1D66C78E039887E /* Pods-HabitTracker-HabitTrackerUITests.release.xcconfig */;
			buildSettings = {
				ALWAYS_EMBED_SWIFT_STANDARD_LIBRARIES = YES;
				CODE_SIGN_STYLE = Automatic;
				CURRENT_PROJECT_VERSION = 1;
				GENERATE_INFOPLIST_FILE = YES;
				MARKETING_VERSION = 1.0;
				PRODUCT_BUNDLE_IDENTIFIER = com.szczepanek.HabitTrackerUITests;
				PRODUCT_NAME = "$(TARGET_NAME)";
				SWIFT_EMIT_LOC_STRINGS = NO;
				SWIFT_VERSION = 5.0;
				TARGETED_DEVICE_FAMILY = "1,2";
				TEST_TARGET_NAME = HabitTracker;
			};
			name = Release;
		};
/* End XCBuildConfiguration section */

/* Begin XCConfigurationList section */
		D1B811E6296D8C6000E0A609 /* Build configuration list for PBXProject "HabitTracker" */ = {
			isa = XCConfigurationList;
			buildConfigurations = (
				D1B81212296D8C6500E0A609 /* Debug */,
				D1B81213296D8C6500E0A609 /* Release */,
			);
			defaultConfigurationIsVisible = 0;
			defaultConfigurationName = Release;
		};
		D1B81214296D8C6500E0A609 /* Build configuration list for PBXNativeTarget "HabitTracker" */ = {
			isa = XCConfigurationList;
			buildConfigurations = (
				D1B81215296D8C6500E0A609 /* Debug */,
				D1B81216296D8C6500E0A609 /* Release */,
			);
			defaultConfigurationIsVisible = 0;
			defaultConfigurationName = Release;
		};
		D1B81217296D8C6500E0A609 /* Build configuration list for PBXNativeTarget "HabitTrackerTests" */ = {
			isa = XCConfigurationList;
			buildConfigurations = (
				D1B81218296D8C6500E0A609 /* Debug */,
				D1B81219296D8C6500E0A609 /* Release */,
			);
			defaultConfigurationIsVisible = 0;
			defaultConfigurationName = Release;
		};
		D1B8121A296D8C6500E0A609 /* Build configuration list for PBXNativeTarget "HabitTrackerUITests" */ = {
			isa = XCConfigurationList;
			buildConfigurations = (
				D1B8121B296D8C6500E0A609 /* Debug */,
				D1B8121C296D8C6500E0A609 /* Release */,
			);
			defaultConfigurationIsVisible = 0;
			defaultConfigurationName = Release;
		};
/* End XCConfigurationList section */

/* Begin XCVersionGroup section */
		D1B811F9296D8C6400E0A609 /* HabitTracker.xcdatamodeld */ = {
			isa = XCVersionGroup;
			children = (
				D1B811FA296D8C6400E0A609 /* HabitTracker.xcdatamodel */,
			);
			currentVersion = D1B811FA296D8C6400E0A609 /* HabitTracker.xcdatamodel */;
			path = HabitTracker.xcdatamodeld;
			sourceTree = "<group>";
			versionGroupType = wrapper.xcdatamodel;
		};
/* End XCVersionGroup section */
	};
	rootObject = D1B811E3296D8C6000E0A609 /* Project object */;
}
